
Microsoft Visual Studio Solution File, Format Version 12.00
# Visual Studio 14
VisualStudioVersion = 14.0.25420.1
MinimumVisualStudioVersion = 10.0.40219.1
Project("{FAE04EC0-301F-11D3-BF4B-00C04F79EFBC}") = "KEEPER.K3.APP", "KEEPER.K3.APP\KEEPER.K3.APP.csproj", "{62FCABAD-9972-4E9C-A1DC-1116D0595D82}"
EndProject
Project("{2150E333-8FDC-42A3-9474-1A3956D46DE8}") = "Common", "Common", "{B50ACB25-46A4-466C-A425-0E11AC0EFE94}"
EndProject
Project("{FAE04EC0-301F-11D3-BF4B-00C04F79EFBC}") = "KEEPER.K3.3D.Contracts", "KEEPER.K3.3D.Contracts\KEEPER.K3.3D.Contracts.csproj", "{9B1B43C7-7D81-4394-B38D-4C504F436D16}"
EndProject
Project("{FAE04EC0-301F-11D3-BF4B-00C04F79EFBC}") = "KEEPER.K3.3D.Core", "KEEPER.K3.3D.Core\KEEPER.K3.3D.Core.csproj", "{7108D146-9EED-4C0D-9F2C-68FAC906D9C0}"
EndProject
Project("{FAE04EC0-301F-11D3-BF4B-00C04F79EFBC}") = "KEEPER.K3.3D.3DServiceHelper", "KEEPER.K3.3D.3DServiceHelper\KEEPER.K3.3D.3DServiceHelper.csproj", "{219FCD84-2801-44DA-8D6E-0BA8C377058E}"
EndProject
Project("{2150E333-8FDC-42A3-9474-1A3956D46DE8}") = "PlugIn", "PlugIn", "{0DB018E6-6CAF-4B96-A05D-341A428ABBB4}"
EndProject
Project("{2150E333-8FDC-42A3-9474-1A3956D46DE8}") = "BusinessPlugIn", "BusinessPlugIn", "{34C01C73-0BFE-4A45-A45F-0E3CB73AB5CC}"
EndProject
Project("{2150E333-8FDC-42A3-9474-1A3956D46DE8}") = "ServicePlugIn", "ServicePlugIn", "{55995487-7168-4695-88FD-42D74AF017CB}"
EndProject
Project("{2150E333-8FDC-42A3-9474-1A3956D46DE8}") = "ReportPlugIn", "ReportPlugIn", "{805E73E7-9C1D-44CF-B474-D6F9C358583D}"
EndProject
Project("{2150E333-8FDC-42A3-9474-1A3956D46DE8}") = "ScheduleServicePlugIn", "ScheduleServicePlugIn", "{5772307B-65A9-48D2-BE7F-BB1AE9152B12}"
EndProject
Project("{FAE04EC0-301F-11D3-BF4B-00C04F79EFBC}") = "KEEPER.K3.3D.ScheduleServicePlugIn", "KEEPER.K3.3D.ScheduleServicePlugIn\KEEPER.K3.3D.ScheduleServicePlugIn.csproj", "{272395D0-7FAB-4BE3-91C9-EA5B5E292164}"
EndProject
Project("{FAE04EC0-301F-11D3-BF4B-00C04F79EFBC}") = "KEN.K3.3D.ErrorInfo.ServicePlugln", "KEN.K3.3D.ErrorInfo.ServicePlugln\KEN.K3.3D.ErrorInfo.ServicePlugln.csproj", "{FB5E5AA3-C0B1-40AF-8F8E-91CED6A43F54}"
EndProject
Project("{FAE04EC0-301F-11D3-BF4B-00C04F79EFBC}") = "KEN.K3.3D.ReportPumpingData", "KEN.K3.3D.ReportPumpingData\KEN.K3.3D.ReportPumpingData.csproj", "{2A98CB92-DF1A-47E2-855B-9376222D223E}"
EndProject
Global
	GlobalSection(SolutionConfigurationPlatforms) = preSolution
		Debug|Any CPU = Debug|Any CPU
		Release|Any CPU = Release|Any CPU
	EndGlobalSection
	GlobalSection(ProjectConfigurationPlatforms) = postSolution
		{62FCABAD-9972-4E9C-A1DC-1116D0595D82}.Debug|Any CPU.ActiveCfg = Debug|Any CPU
		{62FCABAD-9972-4E9C-A1DC-1116D0595D82}.Debug|Any CPU.Build.0 = Debug|Any CPU
		{62FCABAD-9972-4E9C-A1DC-1116D0595D82}.Release|Any CPU.ActiveCfg = Release|Any CPU
		{62FCABAD-9972-4E9C-A1DC-1116D0595D82}.Release|Any CPU.Build.0 = Release|Any CPU
		{9B1B43C7-7D81-4394-B38D-4C504F436D16}.Debug|Any CPU.ActiveCfg = Debug|Any CPU
		{9B1B43C7-7D81-4394-B38D-4C504F436D16}.Debug|Any CPU.Build.0 = Debug|Any CPU
		{9B1B43C7-7D81-4394-B38D-4C504F436D16}.Release|Any CPU.ActiveCfg = Release|Any CPU
		{9B1B43C7-7D81-4394-B38D-4C504F436D16}.Release|Any CPU.Build.0 = Release|Any CPU
		{7108D146-9EED-4C0D-9F2C-68FAC906D9C0}.Debug|Any CPU.ActiveCfg = Debug|Any CPU
		{7108D146-9EED-4C0D-9F2C-68FAC906D9C0}.Debug|Any CPU.Build.0 = Debug|Any CPU
		{7108D146-9EED-4C0D-9F2C-68FAC906D9C0}.Release|Any CPU.ActiveCfg = Release|Any CPU
		{7108D146-9EED-4C0D-9F2C-68FAC906D9C0}.Release|Any CPU.Build.0 = Release|Any CPU
		{219FCD84-2801-44DA-8D6E-0BA8C377058E}.Debug|Any CPU.ActiveCfg = Debug|Any CPU
		{219FCD84-2801-44DA-8D6E-0BA8C377058E}.Debug|Any CPU.Build.0 = Debug|Any CPU
		{219FCD84-2801-44DA-8D6E-0BA8C377058E}.Release|Any CPU.ActiveCfg = Release|Any CPU
		{219FCD84-2801-44DA-8D6E-0BA8C377058E}.Release|Any CPU.Build.0 = Release|Any CPU
		{272395D0-7FAB-4BE3-91C9-EA5B5E292164}.Debug|Any CPU.ActiveCfg = Debug|Any CPU
		{272395D0-7FAB-4BE3-91C9-EA5B5E292164}.Debug|Any CPU.Build.0 = Debug|Any CPU
		{272395D0-7FAB-4BE3-91C9-EA5B5E292164}.Release|Any CPU.ActiveCfg = Release|Any CPU
		{272395D0-7FAB-4BE3-91C9-EA5B5E292164}.Release|Any CPU.Build.0 = Release|Any CPU
		{FB5E5AA3-C0B1-40AF-8F8E-91CED6A43F54}.Debug|Any CPU.ActiveCfg = Debug|Any CPU
		{FB5E5AA3-C0B1-40AF-8F8E-91CED6A43F54}.Debug|Any CPU.Build.0 = Debug|Any CPU
		{FB5E5AA3-C0B1-40AF-8F8E-91CED6A43F54}.Release|Any CPU.ActiveCfg = Release|Any CPU
		{FB5E5AA3-C0B1-40AF-8F8E-91CED6A43F54}.Release|Any CPU.Build.0 = Release|Any CPU
		{2A98CB92-DF1A-47E2-855B-9376222D223E}.Debug|Any CPU.ActiveCfg = Debug|Any CPU
		{2A98CB92-DF1A-47E2-855B-9376222D223E}.Debug|Any CPU.Build.0 = Debug|Any CPU
		{2A98CB92-DF1A-47E2-855B-9376222D223E}.Release|Any CPU.ActiveCfg = Release|Any CPU
		{2A98CB92-DF1A-47E2-855B-9376222D223E}.Release|Any CPU.Build.0 = Release|Any CPU
	EndGlobalSection
	GlobalSection(SolutionProperties) = preSolution
		HideSolutionNode = FALSE
	EndGlobalSection
	GlobalSection(NestedProjects) = preSolution
		{62FCABAD-9972-4E9C-A1DC-1116D0595D82} = {B50ACB25-46A4-466C-A425-0E11AC0EFE94}
		{9B1B43C7-7D81-4394-B38D-4C504F436D16} = {B50ACB25-46A4-466C-A425-0E11AC0EFE94}
		{7108D146-9EED-4C0D-9F2C-68FAC906D9C0} = {B50ACB25-46A4-466C-A425-0E11AC0EFE94}
		{219FCD84-2801-44DA-8D6E-0BA8C377058E} = {B50ACB25-46A4-466C-A425-0E11AC0EFE94}
		{34C01C73-0BFE-4A45-A45F-0E3CB73AB5CC} = {0DB018E6-6CAF-4B96-A05D-341A428ABBB4}
		{55995487-7168-4695-88FD-42D74AF017CB} = {0DB018E6-6CAF-4B96-A05D-341A428ABBB4}
		{805E73E7-9C1D-44CF-B474-D6F9C358583D} = {0DB018E6-6CAF-4B96-A05D-341A428ABBB4}
		{5772307B-65A9-48D2-BE7F-BB1AE9152B12} = {0DB018E6-6CAF-4B96-A05D-341A428ABBB4}
		{272395D0-7FAB-4BE3-91C9-EA5B5E292164} = {5772307B-65A9-48D2-BE7F-BB1AE9152B12}
		{FB5E5AA3-C0B1-40AF-8F8E-91CED6A43F54} = {55995487-7168-4695-88FD-42D74AF017CB}
		{2A98CB92-DF1A-47E2-855B-9376222D223E} = {5772307B-65A9-48D2-BE7F-BB1AE9152B12}
	EndGlobalSection
EndGlobal
