
Microsoft Visual Studio Solution File, Format Version 12.00
# Visual Studio 15
VisualStudioVersion = 15.0.27428.2002
MinimumVisualStudioVersion = 10.0.40219.1
Project("{FAE04EC0-301F-11D3-BF4B-00C04F79EFBC}") = "KEEPER.K3.APP", "KEEPER.K3.APP\KEEPER.K3.APP.csproj", "{62FCABAD-9972-4E9C-A1DC-1116D0595D82}"
EndProject
Project("{2150E333-8FDC-42A3-9474-1A3956D46DE8}") = "Common", "Common", "{B50ACB25-46A4-466C-A425-0E11AC0EFE94}"
EndProject
Project("{FAE04EC0-301F-11D3-BF4B-00C04F79EFBC}") = "KEEPER.K3.3D.Contracts", "KEEPER.K3.3D.Contracts\KEEPER.K3.3D.Contracts.csproj", "{9B1B43C7-7D81-4394-B38D-4C504F436D16}"
EndProject
Project("{FAE04EC0-301F-11D3-BF4B-00C04F79EFBC}") = "KEEPER.K3.3D.Core", "KEEPER.K3.3D.Core\KEEPER.K3.3D.Core.csproj", "{7108D146-9EED-4C0D-9F2C-68FAC906D9C0}"
EndProject
Project("{FAE04EC0-301F-11D3-BF4B-00C04F79EFBC}") = "KEEPER.K3.3D.3DServiceHelper", "KEEPER.K3.3D.3DServiceHelper\KEEPER.K3.3D.3DServiceHelper.csproj", "{219FCD84-2801-44DA-8D6E-0BA8C377058E}"
EndProject
Project("{2150E333-8FDC-42A3-9474-1A3956D46DE8}") = "PlugIn", "PlugIn", "{0DB018E6-6CAF-4B96-A05D-341A428ABBB4}"
EndProject
Project("{2150E333-8FDC-42A3-9474-1A3956D46DE8}") = "BusinessPlugIn", "BusinessPlugIn", "{34C01C73-0BFE-4A45-A45F-0E3CB73AB5CC}"
EndProject
Project("{2150E333-8FDC-42A3-9474-1A3956D46DE8}") = "ServicePlugIn", "ServicePlugIn", "{55995487-7168-4695-88FD-42D74AF017CB}"
EndProject
Project("{2150E333-8FDC-42A3-9474-1A3956D46DE8}") = "ReportPlugIn", "ReportPlugIn", "{805E73E7-9C1D-44CF-B474-D6F9C358583D}"
EndProject
Project("{2150E333-8FDC-42A3-9474-1A3956D46DE8}") = "ScheduleServicePlugIn", "ScheduleServicePlugIn", "{5772307B-65A9-48D2-BE7F-BB1AE9152B12}"
EndProject
Project("{FAE04EC0-301F-11D3-BF4B-00C04F79EFBC}") = "KEEPER.K3.3D.ScheduleServicePlugIn", "KEEPER.K3.3D.ScheduleServicePlugIn\KEEPER.K3.3D.ScheduleServicePlugIn.csproj", "{272395D0-7FAB-4BE3-91C9-EA5B5E292164}"
EndProject
Project("{FAE04EC0-301F-11D3-BF4B-00C04F79EFBC}") = "KEN.K3.3D.ReportPumpingData", "KEN.K3.3D.ReportPumpingData\KEN.K3.3D.ReportPumpingData.csproj", "{2A98CB92-DF1A-47E2-855B-9376222D223E}"
EndProject
Project("{FAE04EC0-301F-11D3-BF4B-00C04F79EFBC}") = "KEN.K3.3D.ErrorInfo.BusinessPlugln", "KEN.K3.3D.ErrorInfo.BusinessPlugln\KEN.K3.3D.ErrorInfo.BusinessPlugln.csproj", "{B7DBE5BF-0ACE-40B7-B41D-517BF911A2D6}"
EndProject
Project("{FAE04EC0-301F-11D3-BF4B-00C04F79EFBC}") = "KEEPER.K3.3D.PURTRANSFER.ScheduleServicePlugIn", "KEEPER.K3.3D.PURTRANSFER.ScheduleServicePlugIn\KEEPER.K3.3D.PURTRANSFER.ScheduleServicePlugIn.csproj", "{F83CB12A-C169-4D6B-919A-85768BB8A6F1}"
EndProject
Project("{FAE04EC0-301F-11D3-BF4B-00C04F79EFBC}") = "KEEPER.K3.3D.OPLA.PUSH.ScheduleServicePlugIn", "KEEPER.K3.3D.OPLA.PUSH.ScheduleServicePlugIn\KEEPER.K3.3D.OPLA.PUSH.ScheduleServicePlugIn.csproj", "{EDE986A0-8826-4E53-81A6-1439868C6768}"
EndProject
Project("{FAE04EC0-301F-11D3-BF4B-00C04F79EFBC}") = "KEN.K3.3D.AltablePumpingData", "KEN.K3.3D.AltablePumpingData\KEN.K3.3D.AltablePumpingData.csproj", "{17E95502-62F1-4F2A-8FC8-62F61FADB597}"
EndProject
Project("{FAE04EC0-301F-11D3-BF4B-00C04F79EFBC}") = "KEN.K3.3D.Allocation.SAVE.ScheduleServicePlugIn", "KEN.K3.3D.Allocation.SAVE.ScheduleServicePlugIn\KEN.K3.3D.Allocation.SAVE.ScheduleServicePlugIn.csproj", "{BA93BDB5-C485-4ABF-BE35-21B08F0E0FE7}"
EndProject
Project("{FAE04EC0-301F-11D3-BF4B-00C04F79EFBC}") = "KEN.K3.3D.DeliveryPumpingData", "KEN.K3.3D.DeliveryPumpingData\KEN.K3.3D.DeliveryPumpingData.csproj", "{8D3F24F8-6B57-4C92-BE04-35E4B78B39D8}"
EndProject
Project("{FAE04EC0-301F-11D3-BF4B-00C04F79EFBC}") = "KEN.K3.3D.Delivery.PUSH.ScheduleServicePlugIn", "KEN.K3.3D.Delivery.SAVE.ScheduleServicePlugIn\KEN.K3.3D.Delivery.PUSH.ScheduleServicePlugIn.csproj", "{0DDD3F7D-4E41-401E-B11C-3D656E5BDC2E}"
EndProject
Project("{FAE04EC0-301F-11D3-BF4B-00C04F79EFBC}") = "KEN.K3.3D.SalesOrder2SalesOutStock1.ServicePlugln", "KEN.K3.3D.SalesOrder2SalesOutStock1.ServicePlugln\KEN.K3.3D.SalesOrder2SalesOutStock1.ServicePlugln.csproj", "{628C6D2C-2C85-4D06-964B-0F91B1F08697}"
EndProject
Project("{FAE04EC0-301F-11D3-BF4B-00C04F79EFBC}") = "LC.K3.3D.SaleOrderSaveOpr.ServicePlugIn", "LC.K3.3D.SaleOrderSaveOpr.ServicePlugIn\LC.K3.3D.SaleOrderSaveOpr.ServicePlugIn.csproj", "{9B9C13EA-46D7-4357-9C15-C5DD4C697824}"
EndProject
Global
	GlobalSection(SolutionConfigurationPlatforms) = preSolution
		Debug|Any CPU = Debug|Any CPU
		Release|Any CPU = Release|Any CPU
	EndGlobalSection
	GlobalSection(ProjectConfigurationPlatforms) = postSolution
		{62FCABAD-9972-4E9C-A1DC-1116D0595D82}.Debug|Any CPU.ActiveCfg = Debug|Any CPU
		{62FCABAD-9972-4E9C-A1DC-1116D0595D82}.Debug|Any CPU.Build.0 = Debug|Any CPU
		{62FCABAD-9972-4E9C-A1DC-1116D0595D82}.Release|Any CPU.ActiveCfg = Release|Any CPU
		{62FCABAD-9972-4E9C-A1DC-1116D0595D82}.Release|Any CPU.Build.0 = Release|Any CPU
		{9B1B43C7-7D81-4394-B38D-4C504F436D16}.Debug|Any CPU.ActiveCfg = Debug|Any CPU
		{9B1B43C7-7D81-4394-B38D-4C504F436D16}.Debug|Any CPU.Build.0 = Debug|Any CPU
		{9B1B43C7-7D81-4394-B38D-4C504F436D16}.Release|Any CPU.ActiveCfg = Release|Any CPU
		{9B1B43C7-7D81-4394-B38D-4C504F436D16}.Release|Any CPU.Build.0 = Release|Any CPU
		{7108D146-9EED-4C0D-9F2C-68FAC906D9C0}.Debug|Any CPU.ActiveCfg = Debug|Any CPU
		{7108D146-9EED-4C0D-9F2C-68FAC906D9C0}.Debug|Any CPU.Build.0 = Debug|Any CPU
		{7108D146-9EED-4C0D-9F2C-68FAC906D9C0}.Release|Any CPU.ActiveCfg = Release|Any CPU
		{7108D146-9EED-4C0D-9F2C-68FAC906D9C0}.Release|Any CPU.Build.0 = Release|Any CPU
		{219FCD84-2801-44DA-8D6E-0BA8C377058E}.Debug|Any CPU.ActiveCfg = Debug|Any CPU
		{219FCD84-2801-44DA-8D6E-0BA8C377058E}.Debug|Any CPU.Build.0 = Debug|Any CPU
		{219FCD84-2801-44DA-8D6E-0BA8C377058E}.Release|Any CPU.ActiveCfg = Release|Any CPU
		{219FCD84-2801-44DA-8D6E-0BA8C377058E}.Release|Any CPU.Build.0 = Release|Any CPU
		{272395D0-7FAB-4BE3-91C9-EA5B5E292164}.Debug|Any CPU.ActiveCfg = Debug|Any CPU
		{272395D0-7FAB-4BE3-91C9-EA5B5E292164}.Debug|Any CPU.Build.0 = Debug|Any CPU
		{272395D0-7FAB-4BE3-91C9-EA5B5E292164}.Release|Any CPU.ActiveCfg = Release|Any CPU
		{272395D0-7FAB-4BE3-91C9-EA5B5E292164}.Release|Any CPU.Build.0 = Release|Any CPU
		{2A98CB92-DF1A-47E2-855B-9376222D223E}.Debug|Any CPU.ActiveCfg = Debug|Any CPU
		{2A98CB92-DF1A-47E2-855B-9376222D223E}.Debug|Any CPU.Build.0 = Debug|Any CPU
		{2A98CB92-DF1A-47E2-855B-9376222D223E}.Release|Any CPU.ActiveCfg = Release|Any CPU
		{2A98CB92-DF1A-47E2-855B-9376222D223E}.Release|Any CPU.Build.0 = Release|Any CPU
		{B7DBE5BF-0ACE-40B7-B41D-517BF911A2D6}.Debug|Any CPU.ActiveCfg = Debug|Any CPU
		{B7DBE5BF-0ACE-40B7-B41D-517BF911A2D6}.Debug|Any CPU.Build.0 = Debug|Any CPU
		{B7DBE5BF-0ACE-40B7-B41D-517BF911A2D6}.Release|Any CPU.ActiveCfg = Release|Any CPU
		{B7DBE5BF-0ACE-40B7-B41D-517BF911A2D6}.Release|Any CPU.Build.0 = Release|Any CPU
		{F83CB12A-C169-4D6B-919A-85768BB8A6F1}.Debug|Any CPU.ActiveCfg = Debug|Any CPU
		{F83CB12A-C169-4D6B-919A-85768BB8A6F1}.Debug|Any CPU.Build.0 = Debug|Any CPU
		{F83CB12A-C169-4D6B-919A-85768BB8A6F1}.Release|Any CPU.ActiveCfg = Release|Any CPU
		{F83CB12A-C169-4D6B-919A-85768BB8A6F1}.Release|Any CPU.Build.0 = Release|Any CPU
		{EDE986A0-8826-4E53-81A6-1439868C6768}.Debug|Any CPU.ActiveCfg = Debug|Any CPU
		{EDE986A0-8826-4E53-81A6-1439868C6768}.Debug|Any CPU.Build.0 = Debug|Any CPU
		{EDE986A0-8826-4E53-81A6-1439868C6768}.Release|Any CPU.ActiveCfg = Release|Any CPU
		{EDE986A0-8826-4E53-81A6-1439868C6768}.Release|Any CPU.Build.0 = Release|Any CPU
		{17E95502-62F1-4F2A-8FC8-62F61FADB597}.Debug|Any CPU.ActiveCfg = Debug|Any CPU
		{17E95502-62F1-4F2A-8FC8-62F61FADB597}.Debug|Any CPU.Build.0 = Debug|Any CPU
		{17E95502-62F1-4F2A-8FC8-62F61FADB597}.Release|Any CPU.ActiveCfg = Release|Any CPU
		{17E95502-62F1-4F2A-8FC8-62F61FADB597}.Release|Any CPU.Build.0 = Release|Any CPU
		{BA93BDB5-C485-4ABF-BE35-21B08F0E0FE7}.Debug|Any CPU.ActiveCfg = Debug|Any CPU
		{BA93BDB5-C485-4ABF-BE35-21B08F0E0FE7}.Debug|Any CPU.Build.0 = Debug|Any CPU
		{BA93BDB5-C485-4ABF-BE35-21B08F0E0FE7}.Release|Any CPU.ActiveCfg = Release|Any CPU
		{BA93BDB5-C485-4ABF-BE35-21B08F0E0FE7}.Release|Any CPU.Build.0 = Release|Any CPU
		{8D3F24F8-6B57-4C92-BE04-35E4B78B39D8}.Debug|Any CPU.ActiveCfg = Debug|Any CPU
		{8D3F24F8-6B57-4C92-BE04-35E4B78B39D8}.Debug|Any CPU.Build.0 = Debug|Any CPU
		{8D3F24F8-6B57-4C92-BE04-35E4B78B39D8}.Release|Any CPU.ActiveCfg = Release|Any CPU
		{8D3F24F8-6B57-4C92-BE04-35E4B78B39D8}.Release|Any CPU.Build.0 = Release|Any CPU
		{0DDD3F7D-4E41-401E-B11C-3D656E5BDC2E}.Debug|Any CPU.ActiveCfg = Debug|Any CPU
		{0DDD3F7D-4E41-401E-B11C-3D656E5BDC2E}.Debug|Any CPU.Build.0 = Debug|Any CPU
		{0DDD3F7D-4E41-401E-B11C-3D656E5BDC2E}.Release|Any CPU.ActiveCfg = Release|Any CPU
		{0DDD3F7D-4E41-401E-B11C-3D656E5BDC2E}.Release|Any CPU.Build.0 = Release|Any CPU
		{628C6D2C-2C85-4D06-964B-0F91B1F08697}.Debug|Any CPU.ActiveCfg = Debug|Any CPU
		{628C6D2C-2C85-4D06-964B-0F91B1F08697}.Debug|Any CPU.Build.0 = Debug|Any CPU
		{628C6D2C-2C85-4D06-964B-0F91B1F08697}.Release|Any CPU.ActiveCfg = Release|Any CPU
		{628C6D2C-2C85-4D06-964B-0F91B1F08697}.Release|Any CPU.Build.0 = Release|Any CPU
		{9B9C13EA-46D7-4357-9C15-C5DD4C697824}.Debug|Any CPU.ActiveCfg = Debug|Any CPU
		{9B9C13EA-46D7-4357-9C15-C5DD4C697824}.Debug|Any CPU.Build.0 = Debug|Any CPU
		{9B9C13EA-46D7-4357-9C15-C5DD4C697824}.Release|Any CPU.ActiveCfg = Release|Any CPU
		{9B9C13EA-46D7-4357-9C15-C5DD4C697824}.Release|Any CPU.Build.0 = Release|Any CPU
	EndGlobalSection
	GlobalSection(SolutionProperties) = preSolution
		HideSolutionNode = FALSE
	EndGlobalSection
	GlobalSection(NestedProjects) = preSolution
		{62FCABAD-9972-4E9C-A1DC-1116D0595D82} = {B50ACB25-46A4-466C-A425-0E11AC0EFE94}
		{9B1B43C7-7D81-4394-B38D-4C504F436D16} = {B50ACB25-46A4-466C-A425-0E11AC0EFE94}
		{7108D146-9EED-4C0D-9F2C-68FAC906D9C0} = {B50ACB25-46A4-466C-A425-0E11AC0EFE94}
		{219FCD84-2801-44DA-8D6E-0BA8C377058E} = {B50ACB25-46A4-466C-A425-0E11AC0EFE94}
		{34C01C73-0BFE-4A45-A45F-0E3CB73AB5CC} = {0DB018E6-6CAF-4B96-A05D-341A428ABBB4}
		{55995487-7168-4695-88FD-42D74AF017CB} = {0DB018E6-6CAF-4B96-A05D-341A428ABBB4}
		{805E73E7-9C1D-44CF-B474-D6F9C358583D} = {0DB018E6-6CAF-4B96-A05D-341A428ABBB4}
		{5772307B-65A9-48D2-BE7F-BB1AE9152B12} = {0DB018E6-6CAF-4B96-A05D-341A428ABBB4}
		{272395D0-7FAB-4BE3-91C9-EA5B5E292164} = {5772307B-65A9-48D2-BE7F-BB1AE9152B12}
		{2A98CB92-DF1A-47E2-855B-9376222D223E} = {5772307B-65A9-48D2-BE7F-BB1AE9152B12}
		{B7DBE5BF-0ACE-40B7-B41D-517BF911A2D6} = {34C01C73-0BFE-4A45-A45F-0E3CB73AB5CC}
		{F83CB12A-C169-4D6B-919A-85768BB8A6F1} = {5772307B-65A9-48D2-BE7F-BB1AE9152B12}
		{EDE986A0-8826-4E53-81A6-1439868C6768} = {5772307B-65A9-48D2-BE7F-BB1AE9152B12}
		{17E95502-62F1-4F2A-8FC8-62F61FADB597} = {5772307B-65A9-48D2-BE7F-BB1AE9152B12}
		{BA93BDB5-C485-4ABF-BE35-21B08F0E0FE7} = {5772307B-65A9-48D2-BE7F-BB1AE9152B12}
		{8D3F24F8-6B57-4C92-BE04-35E4B78B39D8} = {5772307B-65A9-48D2-BE7F-BB1AE9152B12}
		{0DDD3F7D-4E41-401E-B11C-3D656E5BDC2E} = {5772307B-65A9-48D2-BE7F-BB1AE9152B12}
		{628C6D2C-2C85-4D06-964B-0F91B1F08697} = {55995487-7168-4695-88FD-42D74AF017CB}
		{9B9C13EA-46D7-4357-9C15-C5DD4C697824} = {55995487-7168-4695-88FD-42D74AF017CB}
	EndGlobalSection
	GlobalSection(ExtensibilityGlobals) = postSolution
		SolutionGuid = {22FC0664-C102-49C9-AF56-A4B8175BD493}
	EndGlobalSection
EndGlobal
